
Microsoft Visual Studio Solution File, Format Version 12.00
# Visual Studio Version 16
VisualStudioVersion = 16.0.31129.286
MinimumVisualStudioVersion = 10.0.40219.1
Project("{FAE04EC0-301F-11D3-BF4B-00C04F79EFBC}") = "MvcStok", "MvcStok\MvcStok.csproj", "{709B4746-B789-4909-8EBF-EF20777E3701}"
EndProject
Global
	GlobalSection(SolutionConfigurationPlatforms) = preSolution
		Debug|Any CPU = Debug|Any CPU
		Release|Any CPU = Release|Any CPU
	EndGlobalSection
	GlobalSection(ProjectConfigurationPlatforms) = postSolution
		{709B4746-B789-4909-8EBF-EF20777E3701}.Debug|Any CPU.ActiveCfg = Debug|Any CPU
		{709B4746-B789-4909-8EBF-EF20777E3701}.Debug|Any CPU.Build.0 = Debug|Any CPU
		{709B4746-B789-4909-8EBF-EF20777E3701}.Release|Any CPU.ActiveCfg = Release|Any CPU
		{709B4746-B789-4909-8EBF-EF20777E3701}.Release|Any CPU.Build.0 = Release|Any CPU
	EndGlobalSection
	GlobalSection(SolutionProperties) = preSolution
		HideSolutionNode = FALSE
	EndGlobalSection
	GlobalSection(ExtensibilityGlobals) = postSolution
		SolutionGuid = {0E0BE3A3-A780-48F5-93F6-3623F2ED8355}
	EndGlobalSection
EndGlobal
